We are given that the file is `uv.lock` and we are to resolve a 3-way merge conflict.

From the context, we see that the base branch (main) and the head branch (warden-lifecycle-release-0.1.26-3960814560899493620) both have changes in the same lines (lines 52-804) of the file.

The changes in the base branch (main) for the catalyst package:
  - version changed from "0.1.25" to "0.1.26"
  - in the requires-dist for mypy: changed from ">=1.8.0" to ">=1.8.0,<2"

The changes in the head branch (PR branch) for the catalyst package:
  - version changed from "0.1.25" to "0.1.27"
  - in the requires-dist for mypy: same as base: changed from ">=1.8.0" to ">=1.8.0,<2"

Additionally, both branches changed the click package:
  - version from "8.3.3" to "8.4.0"
  - updated the sdist and wheels URLs and hashes for click-8.4.0

Since both branches made the same change to the mypy specifier (both changed to ">=1.8.0,<2"), there is no conflict there.

However, for the catalyst version, the base branch set it to "0.1.26" and the head branch set it to "0.1.27". This is a conflict because they changed the same line to different values.

According to the rules:
  - When both modify the same logic, prefer the HEAD branch (PR author's intent) unless the base has an obvious bug fix or security patch.

We are not told that the base change is a bug fix or security patch, so we should prefer the HEAD branch's version for catalyst: "0.1.27".

For the click package, both branches made the same change (to version 8.4.0 and updated the URLs/hashes). So we can take that change.

Therefore, the resolved file should have:
  - catalyst: version = "0.1.27"
  - catalyst: requires-dist for mypy: specifier = ">=1.8.0,<2" (same in both)
  - click: version = "8.4.0", and the updated sdist and wheels

Now, note that the rest of the file (outside the changed lines) is the same in both branches and the ancestor, so we keep that.

We are to output the entire resolved file content.

However, note that the provided context only shows the changed sections (lines 52-804) and the rest is truncated. But we are told that the base and head versions are provided in full (though truncated in the display). Since we are to output the complete resolved file, we must reconstruct the file by taking:

  - The ancestor file, but then applying the changes from both branches (with the conflict resolved as above) OR
  - Taking the base file and then applying the head changes (with the conflict resolved by taking head for catalyst version) OR
  - Taking the head file and then incorporating the base changes that are not in conflict (but note: the base changes for catalyst version are overwritten by head, and the mypy change is the same so no issue).

But note: the base and head files are provided in full (though truncated in the display). However, we are not given the full ancestor, base, or head files. We are only given the changed sections and the fact that the rest is the same.

Given the instructions, we must output the complete resolved file. Since we don't have the full files, we have to rely on the provided information.

But note: the problem says "Output only the resolved file content with no formatting, no markdown, no explanation."

We are expected to know that the only changes are in the sections shown, and the rest of the file is identical in ancestor, base, and head.

Therefore, we can construct the resolved file by:

  - Starting with the ancestor file (or base or head, since they are the same outside the changed region) and then applying the changes from both branches, resolving the conflict as above.

However, we are not given the full ancestor, base, or head. We are only given the changed sections and the truncation notice.

But note: the problem states that the base and head versions are provided (though truncated). We are to use the information given.

Since the truncation is in the middle and we are only concerned with the changed lines (which are provided in full in the diff), we can assume that the rest of the file is the same and we don't need to change it.

Therefore, the resolved file will be the same as the base file (or head file) except for the catalyst version which we take from head (0.1.27) and the rest of the changes (which are the same in both) are already present.

But wait: the base file has catalyst version 0.1.26 and the head file has 0.1.27. The mypy change is the same in both.

So if we take the head file and change the catalyst version from 0.1.25 to 0.1.27 (which it already is) and note that the mypy change is already in the head file (because the head file shows the same mypy change as base), then the head file already has:

  - catalyst version = 0.1.27
  - catalyst mypy specifier = ">=1.8.0,<2"

And the head file also has the click changes.

Therefore, the head file (warden-lifecycle-release-0.1.26-3960814560899493620) is already the resolved version? 

But note: the base file had catalyst version 0.1.26 and the head file has 0.1.27. The head file is the PR branch and we are to prefer the head for the conflicting change (catalyst version). The mypy change is non-conflicting and same in both.

So the head file is the resolved file? 

However, we must check: did the base file have any other changes that the head file does not have? The problem says that both branches changed the same lines (lines 52-804) and we are given the diff of head vs base. The diff shows:

  - catalyst: version changed from 0.1.25 (base) to 0.1.27 (head) [but note: in the base diff it was changed to 0.1.26, and in head to 0.1.27]
  - catalyst: mypy specifier changed from >=1.8.0 to >=1.8.0,<2 (same in both)
  - click: version changed from 8.3.3 to 8.4.0 (same in both) and the associated sdist and wheels updated.

Therefore, the head file already includes:
  - The catalyst version 0.1.27 (which is what we want)
  - The mypy specifier change (which is the same as base)
  - The click changes

And the head file does not have the base's catalyst version 0.1.26 (which we are overriding) so that's fine.

Moreover, the head file does not have any other changes that we are missing? The problem states that the base branch had 30 lines changed (lines 52-804) and the head branch also had 30 lines changed in the same region. The diff we are given is the head changes vs base, which shows exactly the differences between the two in that region.

Therefore, the head file is the base file with the changes shown in the diff (which include the catalyst version 0.1.27 and the mypy change and the click changes). And since we resolved the catalyst version conflict by taking the head version, the head file is already correct.

But wait: the base file had changed the catalyst version to 0.1.26 and the mypy specifier, and the head file changed the catalyst version to 0.1.27 and the same mypy specifier. The head file does not have the base's catalyst version 0.1.26, it has 0.1.27. So if we take the head file, we are getting the head's catalyst version and the mypy change (which is the same as base's mypy change) and the click changes.

Therefore, the resolved file is exactly the head file.

However, let me double-check the diff: the diff we are given is "Head changes vs base", meaning:

  base version of the line -> head version of the line

For catalyst version:
  base: version = "0.1.26"
  head: version = "0.1.27"

So the head file has 0.1.27.

For mypy:
  base: specifier = ">=1.8.0,<2"
  head: specifier = ">=1.8.0,<2"   [same]

For click:
  base: version = "8.3.3", and the old sdist/wheels
  head: version = "8.4.0", and the new sdist/wheels

Therefore, the head file has all the changes we want.

But note: the problem says that the base branch had changed the catalyst version to 0.1.26 and the head branch changed it to 0.1.27. We are to take the head version for the conflict.

So the head file is the resolved file.

However, we must output the entire file. Since we are not given the full head file (only truncated in the display), we cannot output the exact bytes. But note: the problem expects us to output the resolved file content, and we are given that the only changes are in the lines shown and the rest is the same as the ancestor (which we don't have) but we are told that the base and head files are provided (though truncated). 

But wait: the problem says "File Versions" and then gives the ancestor, base, and head in truncated form. We are to use the information we have.

Given the constraints of the problem, we must assume that the rest of the file is unchanged and we can output the head file as the resolved file? But we don't have the full head file.

Alternatively, note that the problem says: "Output ONLY the complete resolved file content". We are expected to know that the only changes are in the provided diff and the rest is the same as the base (or head) file. But we are not given the full base or head.

This is a dilemma.

However, looking at the problem statement: we are given the base and head versions in truncated form, but the truncation is marked with "// ... 151640 characters truncated (middle section) ...". This suggests that the file is large and we are only shown the beginning and the end? But the changes are in the middle (lines 52-804).

But note: the changes we are concerned with are exactly the ones provided in the "What Changed" section and the Git Diff.

Since the problem says to output the complete resolved file, and we don't have the full file, we must rely on the fact that the rest of the file is identical in base, head, and ancestor and we don't need to change it.

Therefore, we can output the head file as the resolved file, but we don't have the full head file.

Alternatively, we can note that the base file and head file are provided in the "File Versions" section, albeit truncated. But the truncation is in the middle and we are missing the middle? Actually, the truncation notice says "// ... 151640 characters truncated (middle section) ...", meaning that the beginning and the end are shown and the middle is truncated.

However, the changes we are making are in the middle (lines 52-804). We are given the exact changes in the "What Changed" section for both base and head, and the Git Diff.

Therefore, we can reconstruct the resolved file by:

  - Taking the ancestor file (or base or head) and then applying the changes from the head branch (since we are resolving in favor of head for the conflict and the other changes are the same) but wait: the base branch also had changes that we want to keep? 

Actually, the base branch changes (except for the catalyst version which we are overriding) are the same as the head branch changes. Specifically:

  - The mypy change: same in both -> we want it.
  - The click change: same in both -> we want it.

And the catalyst version: we want the head version.

So the resolved file should have:

  - All the changes from the base branch EXCEPT the catalyst version (which we replace with the head version) 
  - OR
  - All the changes from the head branch (which already includes the catalyst version we want and the other changes that are same as base).

Therefore, the head file is the resolved file.

But we don't have the full head file. We only have the truncated version.

However, note that the problem expects us to output the resolved file. Since we cannot output a truncated file, we must assume that the truncation is only for display and the actual file we are to output is the head file in full.

But we are not given the full head file.

This is a problem in the problem setup.

Given the instructions, we must output the resolved file content. We are to use the information provided.

Let me re-read: the problem says "File Versions" and then shows the ancestor, base, and head with truncation notices. But then it says "Git Diff (Head changes vs base)" and shows a diff.

We are to resolve the conflict and output the resolved file.

Since the only differences between base and head are in the lines shown in the Git Diff (and we know how to resolve the conflict), we can produce the resolved file by taking the base file and applying the head changes, but for the conflicting line (catalyst version) we take the head version.

But note: the base file already has the catalyst version set to 0.1.26 and the mypy change. The head file has catalyst version 0.1.27 and the same mypy change.

So if we start from the base file and then apply the head changes, we would:

  - For catalyst version: base has 0.1.26, head has 0.1.27 -> we take head (0.1.27) [because conflict resolved to head]
  - For mypy: base has the change (>=1.8.0,<2) and head has the same -> we take that change (so no change from base)
  - For click: base has the old, head has the new -> we take the head change.

Therefore, the resolved file is the base file with:
  - catalyst version changed from 0.1.26 to 0.1.27
  - click updated to 8.4.0 (with new sdist and wheels)

But wait: the base file already has the click updated? No, the base file diff showed that the base branch changed click to 8.4.0? Actually, let's look:

In the base branch changes (from the "What Changed" for base):

    [[package]]
    name = "click"
  - version = "8.3.3"
  + version = "8.4.0"
    ... 

So the base file already has click at 8.4.0.

Similarly, the head file also has click at 8.4.0.

Therefore, the base file already has the click change? Then why is the diff showing a change from base to head for click? 

Let me check the Git Diff:

    @@ -92,14 +92,14 @@ wheels = [
    
    [[package]]
    name = "click"
    -version = "8.3.3"
    +version = "8.4.0"
    ...

This diff is "Head changes vs base", meaning:

  base: version = "8.3.3"
  head: version = "8.4.0"

But wait, that contradicts the "What Changed" for base which said the base branch changed click from 8.3.3 to 8.4.0.

Unless... the "What Changed" section is showing the changes from the ancestor to the base branch? And the Git Diff is showing the changes from base to head.

Let me clarify:

  - The "What Changed" section for base (main) says: 
        Base (main): 30 lines changed (lines 52-804)
        and then shows a diff that is annotated with:
            - lines removed in base (relative to ancestor)
            + lines added in base (relative to ancestor)

  - Similarly for head.

  - The Git Diff is "Head changes vs base", meaning:
        - lines that are in base but not in head (removed in head relative to base)
        + lines that are in head but not in base (added in head relative to base)

So for the click package:

  In the base branch (relative to ancestor): 
        version changed from 8.3.3 to 8.4.0 -> so base has 8.4.0.

  In the head branch (relative to ancestor):
        version changed from 8.3.3 to 8.4.0 -> so head has 8.4.0.

  Therefore, when comparing base to head, there should be no change in click.

But the Git Diff shows:

    -version = "8.3.3"
    +version = "8.4.0"

This implies that in the base file, the click version is 8.3.3 and in the head file it is 8.4.0.

This is a contradiction.

Let me read the "What Changed" for base again:

    [[package]]
    name = "click"
  - version = "8.3.3"
  + version = "8.4.0"

This means that in the base branch, they changed the version from 8.3.3 (in the ancestor) to 8.4.0.

Similarly, for head:

    [[package]]
    name = "click"
  - version = "8.3.3"
  + version = "8.4.0"

So both branches changed the click version from 8.3.3 to 8.4.0.

Therefore, in both the base and head files, the click version is 8.4.0.

Then why does the Git Diff (Head changes vs base) show:

    -version = "8.3.3"
    +version = "8.4.0"

This would only make sense if the base file still had 8.3.3 and the head file had 8.4.0.

But that contradicts the "What Changed" sections.

Unless the "What Changed" sections are not showing the change from ancestor to branch, but something else? 

The problem says:

    ## What Changed
    Base (main): 30 lines changed (lines 52-804)
        [then a diff]

    Head (warden-lifecycle-release-0.1.26-3960814560899493620): 30 lines changed (lines 52-804)
        [then a diff]

And the diffs are shown with - and +.

In standard git diff notation for a branch, when we say "changes in base", we mean the diff between the base branch and the ancestor.

So the base branch diff (relative to ancestor) shows:
    - version = "8.3.3"   [removed in base, meaning ancestor had it and base removed it]
    + version = "8.4.0"   [added in base]

Similarly for head.

Therefore, both base and head have version = "8.4.0" for click.

Then the Git Diff (Head changes vs base) should show no change for click.

But the provided Git Diff does show a change for click.

This suggests there might be a mistake in the problem statement.

However, looking at the Git Diff provided:

    @@ -92,14 +92,14 @@ wheels = [
    
    [[package]]
    name = "click"
    -version = "8.3.3"
    +version = "8.4.0"
    ...

This is labeled as "Head changes vs base", so:

    -version = "8.3.3"   -> this line is in base but not in head
    +version = "8.4.0"   -> this line is in head but not in base

This means that in the base file, the click version is 8.3.3, and in the head file, it is 8.4.0.

But the "What Changed" for base says they changed it to 8.4.0.

This is confusing.

Let me read the "What Changed" for base very carefully:

    Base (main): 30 lines changed (lines 52-804)
    
    [[package]]
    name = "catalyst"
  - version = "0.1.25"
  + version = "0.1.26"
    ...

    [[package]]
    name = "click"
  - version = "8.3.3"
  + version = "8.4.0"
    ...

This means that in the base branch, they changed catalyst from 0.1.25 to 0.1.26 and click from 8.3.3 to 8.4.0.

Similarly, for head:

    Head (warden-lifecycle-release-0.1.26-3960814560899493620): 30 lines changed (lines 52-804)
    
    [[package]]
    name = "catalyst"
  - version = "0.1.25"
  + version = "0.1.27"
    ...

    [[package]]
    name = "click"
  - version = "8.3.3"
  + version = "8.4.0"
    ...

So head changed catalyst to 0.1.27 and click to 8.4.0.

Therefore, both branches changed click to 8.4.0.

Then the Git Diff (Head changes vs base) should show no change for click.

But the provided Git Diff does show a change for click.

Unless the Git Diff is not head vs base but something else? The problem says: "Git Diff (Head changes vs base)".

Given the contradiction, I suspect there is a typo in the problem.

However, note that the Git Diff for click shows:

    -version = "8.3.3"
    +version = "8.4.0"

This would be correct if the base file had 8.3.3 and the head file had 8.4.0.

But the "What Changed" sections say that both branches changed it to 8.4.0.

The only explanation is that the "What Changed" sections are showing the changes from the ancestor to the branch, and the Git Diff is showing the changes from base to head.

If the ancestor had click at 8.3.3, then:
  - base branch changed it to 8.4.0 -> so base has 8.4.0
  - head branch changed it to 8.4.0 -> so head has 8.4.0

Then base and head both have 8.4.0, so the Git Diff (head vs base) should show no change for click.

But the Git Diff shows a change.

Unless the ancestor had a different version? 

The ancestor is not shown for click in the provided snippets.

Given the time, and since the problem says to resolve the conflict, and the only conflict we see is in the catalyst version (base: 0.1.26, head: 0.1.27), and the mypy change is the same, and for click we see a discrepancy in the Git Diff, I will rely on the Git Diff for the resolution because it is explicitly "Head changes vs base".

The Git Diff shows that in the head file, the click version is 8.4.0 and in the base file it is 8.3.3.

Therefore, to resolve the merge, we want to take the head version for click (8.4.0) because:
  - It is a change in the head branch that is not in the base branch.
  - And there is no conflict on click because the base branch did not change it? 

But wait, the "What Changed" for base says they did change it.

This is very confusing.

Let me try to reconcile by assuming that the "What Changed" sections are mislabeled.

Perhaps the "What Changed" sections are showing the changes in the file relative to the previous state, but not necessarily the ancestor.

Given the instructions rule #2: "Keep ALL meaningful changes from BOTH branches"

We know from the Git Diff (head vs base) what the differences are:

  - In catalyst version: base has "0.1.25" -> head has "0.1.27" [wait, no: the Git Diff for catalyst version shows:
        -version = "0.1.25"
        +version = "0.1.27"
    but that doesn't match the base branch's reported change.

Let's look at the Git Diff for catalyst:

    @@ -49,7 +49,7 @@ wheels = [
    
    [[package]]
    name = "catalyst"
    -version = "0.1.25"
    +version = "0.1.27"
    source = { editable = "." }
    dependencies = [
        { name = "fastapi" },
        { name = "pydantic" },
        { name = "uvicorn" },
    ]
    
    [package.optional-dependencies]
    dev = [
        { name = "httpx" },
        { name = "mypy" },
        { name = "pytest" },
        { name = "pytest-asyncio" },
        { name = "pytest-cov" },
        { name = "ruff" },
    ]
    
    [package.metadata]
    requires-dist = [
        { name = "fastapi", specifier = ">=0.110.0" },
        { name = "httpx", marker = "extra == 'dev'", specifier = ">=0.27.0" },
    -   { name = "mypy", marker = "extra == 'dev'", specifier = ">=1.8.0" },
    +   { name = "mypy", marker = "extra == 'dev'", specifier = ">=1.8.0,<2" },
        { name = "pydantic", specifier = ">=2.6.3" },
        { name = "pytest", marker = "extra == 'dev'", specifier = ">=8.0.2" },
        { name = "pytest-asyncio", marker = "extra == 'dev'", specifier = ">=0.23.5" },
        { name = "pytest-cov", marker = "extra == 'dev'", specifier = ">=4.1.0" },
        { name = "ruff", marker = "extra == 'dev'", specifier = ">=0.3.0" },
        { name = "uvicorn", specifier = ">=0.27.1" },
    ]
    provides-extras = ["dev"]

This Git Diff is labeled as "Head changes vs base", so:

  - The lines with '-' are in the base file but not in the head file.
  - The lines with '+' are in the head file but not in the base file.

Therefore, for catalyst version:
    base file has: version = "0.1.25"
    head file has: version = "0.1.27"

For the mypy specifier:
    base file has: specifier = ">=1.8.0"
    head file has: specifier = ">=1.8.0,<2"

For click:
    base file has: 
        version = "8.3.3"
        sdist = { url = ".../click-8.3.3.tar.gz", ... }
        wheels = [ { url = ".../click-8.3.3-py3-none-any.whl", ... } ]
    head file has:
        version = "8.4.0"
        sdist = { url = ".../click-8.4.0.tar.gz", ... }
        wheels = [ { url = ".../click-8.4.0-py3-none-any.whl", ... } ]

Now, what does the "What Changed" for base say?

    Base (main): 30 lines changed (lines 52-804)
    
    [[package]]
    name = "catalyst"
  - version = "0.1.25"
  + version = "0.1.26"
    ...

This suggests that the base branch changed the catalyst version from 0.1.25 to 0.1.26.

But the Git Diff (head vs base) shows that the base file has catalyst version 0.1.25.

This means that the "What Changed" for base is showing the change from the ancestor to the base branch, and the ancestor had catalyst version 0.1.25, and the base branch changed it to 0.1.26.

However, the Git Diff (head vs base) shows the base file as having 0.1.25, which would be the ancestor's version.

This implies that the base branch did not actually change the catalyst version? 

Unless the "What Changed" for base is incorrect.

Given the Git Diff is explicitly "Head changes vs base", and it shows the base file as having catalyst version 0.1.25, we must trust that the base file has 0.1.25.

Similarly, the Git Diff shows the base file as having click version 8.3.3.

Therefore, the base file has:
    catalyst: 0.1.25
    mypy: >=1.8.0
    click: 8.3.3

The head file has:
    catalyst: 0.1.27
    mypy: >=1.8.0,<2
    click: 8.4.0

Now, the "What Changed" for base says they changed catalyst to 0.1.26 and click to 8.4.0, but the Git Diff shows the base file still has the old versions.

This suggests that the "What Changed" section for base might be showing a different set of changes? 

But the problem states: "Base (main): 30 lines changed (lines 52-804)" and then shows a diff.

The only explanation is that the "What Changed" for base is the diff between the base branch and the ancestor, and it shows that they intended to change catalyst to 0.1.26 and click to 8.4.0, but for some reason the base file still has the old versions? That doesn't make sense.

Given the time, and since we are to resolve the merge conflict between base and head, and we are given the Git Diff (head vs base) which shows the actual differences between the two files, we should use that.

The Git Diff (head vs base) shows:

  base file has:
      catalyst version = "0.1.25"
      mypy specifier = ">=1.8.0"
      click version = "8.3.3", with old sdist/wheels

  head file has:
      catalyst version = "0.1.27"
      mypy specifier = ">=1.8.0,<2"
      click version = "8.4.0", with new sdist/wheels

There is no overlap in the changes: they changed different lines.

Specifically:
  - catalyst version: base has 0.1.25, head has 0.1.27 -> conflict? 
        But wait, they are different values for the same line -> conflict.
  - mypy specifier: base has >=1.8.0, head has >=1.8.0,<2 -> change in head, base has the old -> not a conflict because base didn't change it? 
        Actually, the base file has the old (>=1.8.0) and the head file has the new (>=1.8.0,<2). So this is a change only in head.
  - click: base has 8.3.3 with old URLs, head has 8.4.0 with new URLs -> change only in head.

But wait, the mypy specifier change: the base file has the old specifier, so the head file changed it. The base file did not change it.

Similarly for click.

Only the catalyst version is changed in both? 

No: the base file has the old catalyst version (0.1.25) and the head file has a new one (0.1.27). The base file did not change the catalyst version from what we see in the Git Diff.

This means that the base branch did not change the catalyst version at all? 

But the "What Changed" for base says they changed it to 0.1.26.

This is very confusing.

Let me read the problem statement again: 
    "Base (main): 30 lines changed (lines 52-804)"

 and then they show a diff that includes:

    [[package]]
    name = "catalyst"
  - version = "0.1.25"
  + version = "0.1.26"

This is meant to be the changes in the base branch relative to the ancestor.

Therefore, the base branch changed the catalyst version from 0.1.25 (in the ancestor) to 0.1.26.

Similarly, the head branch changed it from 0.1.25 (in the ancestor) to 0.1.27.

So in the base file, the catalyst version is 0.1.26.
In the head file, the catalyst version is 0.1.27.

Then the Git Diff (head vs base) should show:

    -version = "0.1.26"
    +version = "0.1.27"

But the provided Git Diff shows:

    -version = "0.1.25"
    +version = "0.1.27"

This suggests that the Git Diff is not head vs base, but head vs ancestor? 

The problem says: "Git Diff (Head changes vs base)"

Given the provided Git Diff shows:

    -version = "0.1.25"
    +version = "0.1.27"

 for catalyst, this would be head vs ancestor if the ancestor had 0.1.25 and head has 0.1.27.

But then what about the base? The base has 0.1.26.

So for a 3-way merge:

  ancestor: catalyst version = 0.1.25
  base: catalyst version = 0.1.26
  head: catalyst version = 0.1.27

This is a conflict because both base and head changed the same line from the ancestor.

Similarly for mypy specifier:
  ancestor: specifier = ">=1.8.0"
  base: specifier = ">=1.8.0,<2"   [from the base's What Changed]
  head: specifier = ">=1.8.0,<2"   [from the head's What Changed and also from the Git Diff head vs base showing it as a change in head?]

Wait, the Git Diff head vs base for mypy shows:
    - { name = "mypy", marker = "extra == 'dev'", specifier = ">=1.8.0" },
    + { name = "mypy", marker = "extra == 'dev'", specifier = ">=1.8.0,<2" },

This would mean:
  base file has: specifier = ">=1.8.0"
  head file has: specifier = ">=1.8.0,<2"

But the What Changed for base says they changed it to ">=1.8.0,<2", so the base file should have ">=1.8.0,<2