We are given that the conflict is in the file `uv.lock`.
 The base branch (main) and the head branch (PR branch) both have changes in the same lines (52-804) but with different version numbers for some packages.

 Specifically, from the context:

 Base (main) changes:
   - catalyst: version from 0.1.27 to 0.1.29
   - click: version from 8.4.0 to 8.4.1
   - coverage: version from 7.14.0 to 7.14.1

 Head (PR branch) changes:
   - catalyst: version from 0.1.27 to 0.1.30
   - click: version from 8.4.0 to 8.4.1
   - coverage: version from 7.14.0 to 7.14.1

 The conflict is that both branches changed the version of `catalyst` but to different versions (0.1.29 in base, 0.1.30 in head).
 For `click` and `coverage`, both branches changed to the same version (8.4.1 and 7.14.1 respectively).

 According to the resolution rules:
   - When both modify the same code (same lines) and they are different, we prefer the HEAD branch (PR author's intent) unless the base has an obvious bug fix or security patch.
   - However, note that the base and head both changed the same package but to different versions.

 Since the head branch has a higher version for catalyst (0.1.30) than the base (0.1.29), and assuming that the head branch's change is intentional (as it's the PR branch),
 we should take the head's version for catalyst.

 For click and coverage, both branches agree, so we take that version.

 However, note that the diff provided in the "Git Diff (Head changes vs base)" shows:

   catalyst: base had 0.1.27 -> 0.1.29, head has 0.1.27 -> 0.1.30 -> so in the diff, the base shows 0.1.29 and the head shows 0.1.30.

   click: both show 8.4.0 -> 8.4.1
   coverage: both show 7.14.0 -> 7.14.1

 Therefore, the resolved version for catalyst should be 0.1.30 (from head), and for click and coverage we take the version that both agree on (8.4.1 and 7.14.1).

 But note: the entire file is large and we are only given the changes in the context. We must preserve the rest of the file.

 However, the problem states that we are to output the resolved file content.

 Since we are only given the truncated versions of the ancestor, base, and head, we cannot reconstruct the entire file.

 But note: the problem says that the base and head both have 145 lines changed (lines 52-804). And the ancestor is the common base.

 We are told that the conflict is only in the lines that are shown in the context (the changes for catalyst, click, coverage, etc.)

 However, the resolution must be done for the entire file.

 Approach:

 Since we are not given the full file, we must rely on the fact that the only differences between the base and head in the changed region are:

   - In the catalyst package: base has version 0.1.29, head has version 0.1.30.
   - In the click package: both have the same version (8.4.1) and same sdist and wheels (so no conflict).
   - In the coverage package: both have the same version (7.14.1) and same sdist and wheels (so no conflict).

 Therefore, the only actual conflict is in the catalyst version.

 According to the rules, we take the head's version for catalyst (0.1.30) because it's a true conflict and we prefer the head unless the base has an obvious bug fix.

 There is no indication that the base's version (0.1.29) is a bug fix over the head's (0.1.30). In fact, 0.1.30 is a higher version.

 So we will use the head's version for catalyst.

 For the rest of the file, since the base and head are identical in the changed region for click and coverage, and we are told that the rest of the file (outside lines 52-804) is the same in base and head (because the changes are only in 52-804), we can take either base or head for the rest.

 However, note that the base and head might have other changes outside the 52-804 region? But the problem says:

   Base (main): 145 lines changed (lines 52-804)
   Head (jules-17806250371547040050-e3544949): 145 lines changed (lines 52-804)

 So the changes are confined to lines 52-804.

 Therefore, for lines outside 52-804, the base and head are identical to the ancestor and to each other.

 And for lines 52-804, we have:

   - The ancestor had the old versions (catalyst 0.1.27, click 8.4.0, coverage 7.14.0, etc.)
   - The base changed catalyst to 0.1.29, click to 8.4.1, coverage to 7.14.1, and also updated the sdist and wheels for click and coverage.
   - The head changed catalyst to 0.1.30, click to 8.4.1, coverage to 7.14.1, and updated the sdist and wheels for click and coverage (same as base for click and coverage).

 So the only difference between base and head in the changed region is the catalyst version.

 Therefore, to resolve:

   We take the head's version for catalyst (0.1.30) and for click and coverage we take the version that is in both base and head (which is the same).

   For the sdist and wheels of click and coverage, since base and head are identical, we can take either.

   For catalyst, we take the head's entire block (which includes the version 0.1.30 and the same dependencies, optional-dependencies, metadata, and provides-extras as in the base?).

   Note: the catalyst block in base and head are identical except for the version number.

   Looking at the context:

     Base:
        version = "0.1.29"
        ... (rest same)

     Head:
        version = "0.1.30"
        ... (rest same)

   So we take the head's catalyst block.

 Steps for the resolved file:

   - For lines outside 52-804: same as ancestor (or base or head, they are the same).
   - For lines 52-804: we take the head's version, but with the catalyst version changed to 0.1.30 (which it already is in head) and for the rest we take head (which matches base for click and coverage).

 However, note that the head's version for catalyst is already 0.1.30, so we can simply take the head's version for the entire changed region? 

 But wait: the head's changed region is exactly what we want for everything except we are taking the head's catalyst (which is 0.1.30) and that is what we want.

 However, the base's changed region had catalyst at 0.1.29 and we want 0.1.30.

 Therefore, we can take the head's version for the entire file? 

 But note: the head's version of the file is the PR branch, which includes the catalyst version 0.1.30 and the click and coverage updates.

 However, the problem says that the base branch has newer changes from others. But in this case, the head branch has a higher version for catalyst.

 Since the only conflict is in catalyst and we are taking the head's version, and the rest of the changes in the head are the same as the base (for click and coverage) and we want those changes, then taking the entire head's file would be acceptable?

 But wait: what if the base branch had other changes in the changed region that are not in the head? The problem states that the base and head both changed the same lines (52-804) and we are given the changes.

 However, the context only shows the changes for catalyst, click, coverage, and a few others (like certifi, colorama) but note that the context says:

   Base (main): 145 lines changed (lines 52-804)

   and then it shows several package updates.

   Similarly for head.

   And the Git Diff (Head changes vs base) only shows differences in catalyst, click, and coverage.

   Therefore, we can assume that the only differences between base and head in the changed region are the three packages: catalyst, click, coverage.

   And for click and coverage, base and head are identical.

   So the head's file has:

        catalyst: 0.1.30
        click: 8.4.1 (with updated sdist and wheels)
        coverage: 7.14.1 (with updated sdist and wheels)

   and the base's file has:

        catalyst: 0.1.29
        click: 8.4.1 (same sdist and wheels as head)
        coverage: 7.14.1 (same sdist and wheels as head)

   Therefore, if we take the head's file, we get the desired catalyst version and the click and coverage updates.

   However, note that the base branch might have other changes in the changed region that are not shown in the context? But the problem says the base branch changed 145 lines (lines 52-804) and then shows a diff that includes multiple packages. The head branch also changed 145 lines in the same range.

   And the Git Diff (Head changes vs base) only shows a few lines of difference (in catalyst, click, coverage). This implies that the rest of the 145 lines are the same in base and head.

   Therefore, the head's file is acceptable because:

        - It has the catalyst version we want (0.1.30)
        - It has the click and coverage updates (which are the same as base, so we are not losing any base change)
        - The rest of the file (outside 52-804) is the same as base and ancestor.

   But wait: what if the base branch had a change in the changed region that is not in the head? For example, if the base branch updated another package that the head branch did not touch? Then we would lose that change by taking the head.

   However, the problem states that the base branch changed 145 lines (lines 52-804) and the head branch changed 145 lines (lines 52-804). And the Git Diff (Head changes vs base) shows the differences between the two in that region.

   If the base branch had changed a package that the head branch did not change, then in the head branch that package would still be at the ancestor version, and the diff would show that the head branch has the old version and the base has the new version.

   But the Git Diff (Head changes vs base) only shows:

        catalyst: base has 0.1.29, head has 0.1.30 -> so head is newer
        click: base and head both show the same update (so no diff in the actual content? Actually, the diff shows the sdist and wheels changed, but note: the base and head both changed them to the same thing, so the diff between base and head for click and coverage is empty? Actually, no: the diff shows that the base and head both changed from the ancestor, but the base and head are the same for click and coverage.

   How is the diff computed? The diff is "Head changes vs base", meaning:

        head - base

   So if head and base are the same for a section, then there is no diff.

   Therefore, the Git Diff (Head changes vs base) only shows the sections where head and base differ.

   And we see that they differ only in catalyst.

   Therefore, the head branch has the same changes as the base branch for everything except catalyst.

   And for catalyst, the head branch has a newer version.

   So taking the head's file gives us:

        - All the changes that the base branch made (because for everything except catalyst, head equals base)
        - Plus the head's change for catalyst (which is a newer version than base)

   This is acceptable because we want to keep all meaningful changes from both branches.

   The base branch's change for catalyst (0.1.29) is overridden by the head's change (0.1.30), but since 0.1.30 is a higher version and we are following the rule of preferring the head in a conflict, it is okay.

   Therefore, the resolved file is simply the head's file.

 However, note: the problem says "Keep ALL meaningful changes from BOTH branches". 

   The base branch's change for catalyst (0.1.29) is not kept because we are taking 0.1.30. But the rule says: when both modify the same code, prefer the HEAD branch unless the base has an obvious bug fix.

   We have no reason to believe that 0.1.29 is a bug fix over 0.1.30. In fact, 0.1.30 is a later version.

   So we are keeping the head's change for catalyst and the base's change for catalyst is not kept, but that is by the rule.

   For the other packages, we are keeping both branches' changes (which are identical).

   Therefore, the head's file is the resolved file.

 But wait: what if the base branch had a change in a different part of the file (outside